// !$*UTF8*$!
{
	archiveVersion = 1;
	classes = {
	};
	objectVersion = 46;
	objects = {

/* Begin PBXBuildFile section */
		4A86B3C81C4D178200D65733 /* AppDelegate.swift in Sources */ = {isa = PBXBuildFile; fileRef = 4A86B3C71C4D178200D65733 /* AppDelegate.swift */; };
		4A86B3CA1C4D178200D65733 /* LogoViewController.swift in Sources */ = {isa = PBXBuildFile; fileRef = 4A86B3C91C4D178200D65733 /* LogoViewController.swift */; };
		4A86B3CD1C4D178200D65733 /* Main.storyboard in Resources */ = {isa = PBXBuildFile; fileRef = 4A86B3CB1C4D178200D65733 /* Main.storyboard */; };
		4A86B3CF1C4D178200D65733 /* Assets.xcassets in Resources */ = {isa = PBXBuildFile; fileRef = 4A86B3CE1C4D178200D65733 /* Assets.xcassets */; };
		4A86B3DC1C4FAB3300D65733 /* GlobalConfig.swift in Sources */ = {isa = PBXBuildFile; fileRef = 4A86B3DB1C4FAB3300D65733 /* GlobalConfig.swift */; };
		4A8DE38D1C533A490098A0A8 /* MenuViewController.swift in Sources */ = {isa = PBXBuildFile; fileRef = 4A8DE38C1C533A490098A0A8 /* MenuViewController.swift */; };
		4A8DE3B31C5444A50098A0A8 /* Launch Screen.storyboard in Resources */ = {isa = PBXBuildFile; fileRef = 4A8DE3B51C5444A50098A0A8 /* Launch Screen.storyboard */; };
/* End PBXBuildFile section */

/* Begin PBXFileReference section */
		4A86B3C41C4D178200D65733 /* BybeLearnABC.app */ = {isa = PBXFileReference; explicitFileType = wrapper.application; includeInIndex = 0; path = BybeLearnABC.app; sourceTree = BUILT_PRODUCTS_DIR; };
		4A86B3C71C4D178200D65733 /* AppDelegate.swift */ = {isa = PBXFileReference; lastKnownFileType = sourcecode.swift; path = AppDelegate.swift; sourceTree = "<group>"; };
		4A86B3C91C4D178200D65733 /* LogoViewController.swift */ = {isa = PBXFileReference; lastKnownFileType = sourcecode.swift; path = LogoViewController.swift; sourceTree = "<group>"; };
		4A86B3CC1C4D178200D65733 /* Base */ = {isa = PBXFileReference; lastKnownFileType = file.storyboard; name = Base; path = Base.lproj/Main.storyboard; sourceTree = "<group>"; };
		4A86B3CE1C4D178200D65733 /* Assets.xcassets */ = {isa = PBXFileReference; lastKnownFileType = folder.assetcatalog; path = Assets.xcassets; sourceTree = "<group>"; };
		4A86B3D31C4D178200D65733 /* Info.plist */ = {isa = PBXFileReference; lastKnownFileType = text.plist.xml; name = Info.plist; path = BybeLearnABC/Info.plist; sourceTree = "<group>"; };
		4A86B3DB1C4FAB3300D65733 /* GlobalConfig.swift */ = {isa = PBXFileReference; fileEncoding = 4; lastKnownFileType = sourcecode.swift; path = GlobalConfig.swift; sourceTree = "<group>"; };
		4A8DE38C1C533A490098A0A8 /* MenuViewController.swift */ = {isa = PBXFileReference; fileEncoding = 4; lastKnownFileType = sourcecode.swift; path = MenuViewController.swift; sourceTree = "<group>"; };
		4A8DE38E1C533B280098A0A8 /* zh-Hans */ = {isa = PBXFileReference; lastKnownFileType = text.plist.strings; name = "zh-Hans"; path = "zh-Hans.lproj/Main.strings"; sourceTree = "<group>"; };
		4A8DE3B41C5444A50098A0A8 /* zh-Hans */ = {isa = PBXFileReference; lastKnownFileType = file.storyboard; name = "zh-Hans"; path = "zh-Hans.lproj/Launch Screen.storyboard"; sourceTree = "<group>"; };
		4A8DE3B71C5444B80098A0A8 /* en */ = {isa = PBXFileReference; lastKnownFileType = text.plist.strings; name = en; path = "en.lproj/Launch Screen.strings"; sourceTree = "<group>"; };
/* End PBXFileReference section */

/* Begin PBXFrameworksBuildPhase section */
		4A86B3C11C4D178200D65733 /* Frameworks */ = {
			isa = PBXFrameworksBuildPhase;
			buildActionMask = 2147483647;
			files = (
			);
			runOnlyForDeploymentPostprocessing = 0;
		};
/* End PBXFrameworksBuildPhase section */

/* Begin PBXGroup section */
		4A86B3BB1C4D178200D65733 = {
			isa = PBXGroup;
			children = (
				4A86B3C61C4D178200D65733 /* BybeLearnABC */,
				4A86B3C51C4D178200D65733 /* Products */,
				4A86B3D31C4D178200D65733 /* Info.plist */,
			);
			sourceTree = "<group>";
		};
		4A86B3C51C4D178200D65733 /* Products */ = {
			isa = PBXGroup;
			children = (
				4A86B3C41C4D178200D65733 /* BybeLearnABC.app */,
			);
			name = Products;
			sourceTree = "<group>";
		};
		4A86B3C61C4D178200D65733 /* BybeLearnABC */ = {
			isa = PBXGroup;
			children = (
				4A86B3C71C4D178200D65733 /* AppDelegate.swift */,
				4A86B3C91C4D178200D65733 /* LogoViewController.swift */,
				4A86B3CB1C4D178200D65733 /* Main.storyboard */,
				4A86B3CE1C4D178200D65733 /* Assets.xcassets */,
				4A86B3DB1C4FAB3300D65733 /* GlobalConfig.swift */,
				4A8DE38C1C533A490098A0A8 /* MenuViewController.swift */,
				4A8DE3B51C5444A50098A0A8 /* Launch Screen.storyboard */,
			);
			path = BybeLearnABC;
			sourceTree = "<group>";
		};
/* End PBXGroup section */

/* Begin PBXNativeTarget section */
		4A86B3C31C4D178200D65733 /* BybeLearnABC */ = {
			isa = PBXNativeTarget;
			buildConfigurationList = 4A86B3D61C4D178200D65733 /* Build configuration list for PBXNativeTarget "BybeLearnABC" */;
			buildPhases = (
				4A86B3C01C4D178200D65733 /* Sources */,
				4A86B3C11C4D178200D65733 /* Frameworks */,
				4A86B3C21C4D178200D65733 /* Resources */,
			);
			buildRules = (
			);
			dependencies = (
			);
			name = BybeLearnABC;
			productName = BybeLearnABC;
			productReference = 4A86B3C41C4D178200D65733 /* BybeLearnABC.app */;
			productType = "com.apple.product-type.application";
		};
/* End PBXNativeTarget section */

/* Begin PBXProject section */
		4A86B3BC1C4D178200D65733 /* Project object */ = {
			isa = PBXProject;
			attributes = {
				LastSwiftUpdateCheck = 0710;
				LastUpgradeCheck = 0710;
				ORGANIZATIONNAME = WangWei;
				TargetAttributes = {
					4A86B3C31C4D178200D65733 = {
						CreatedOnToolsVersion = 7.1;
					};
				};
			};
			buildConfigurationList = 4A86B3BF1C4D178200D65733 /* Build configuration list for PBXProject "BybeLearnABC" */;
			compatibilityVersion = "Xcode 3.2";
			developmentRegion = English;
			hasScannedForEncodings = 0;
			knownRegions = (
				en,
				Base,
			);
			mainGroup = 4A86B3BB1C4D178200D65733;
			productRefGroup = 4A86B3C51C4D178200D65733 /* Products */;
			projectDirPath = "";
			projectRoot = "";
			targets = (
				4A86B3C31C4D178200D65733 /* BybeLearnABC */,
			);
		};
/* End PBXProject section */

/* Begin PBXResourcesBuildPhase section */
		4A86B3C21C4D178200D65733 /* Resources */ = {
			isa = PBXResourcesBuildPhase;
			buildActionMask = 2147483647;
			files = (
				4A8DE3B31C5444A50098A0A8 /* Launch Screen.storyboard in Resources */,
				4A86B3CF1C4D178200D65733 /* Assets.xcassets in Resources */,
				4A86B3CD1C4D178200D65733 /* Main.storyboard in Resources */,
			);
			runOnlyForDeploymentPostprocessing = 0;
		};
/* End PBXResourcesBuildPhase section */

/* Begin PBXSourcesBuildPhase section */
		4A86B3C01C4D178200D65733 /* Sources */ = {
			isa = PBXSourcesBuildPhase;
			buildActionMask = 2147483647;
			files = (
				4A86B3CA1C4D178200D65733 /* LogoViewController.swift in Sources */,
				4A86B3C81C4D178200D65733 /* AppDelegate.swift in Sources */,
				4A86B3DC1C4FAB3300D65733 /* GlobalConfig.swift in Sources */,
				4A8DE38D1C533A490098A0A8 /* MenuViewController.swift in Sources */,
			);
			runOnlyForDeploymentPostprocessing = 0;
		};
/* End PBXSourcesBuildPhase section */

/* Begin PBXVariantGroup section */
		4A86B3CB1C4D178200D65733 /* Main.storyboard */ = {
			isa = PBXVariantGroup;
			children = (
				4A86B3CC1C4D178200D65733 /* Base */,
				4A8DE38E1C533B280098A0A8 /* zh-Hans */,
			);
			name = Main.storyboard;
			sourceTree = "<group>";
		};
		4A8DE3B51C5444A50098A0A8 /* Launch Screen.storyboard */ = {
			isa = PBXVariantGroup;
			children = (
				4A8DE3B41C5444A50098A0A8 /* zh-Hans */,
				4A8DE3B71C5444B80098A0A8 /* en */,
			);
			name = "Launch Screen.storyboard";
			sourceTree = "<group>";
		};
/* End PBXVariantGroup section */

/* Begin XCBuildConfiguration section */
		4A86B3D41C4D178200D65733 /* Debug */ = {
			isa = XCBuildConfiguration;
			buildSettings = {
				ALWAYS_SEARCH_USER_PATHS = NO;
				CLANG_CXX_LANGUAGE_STANDARD = "gnu++0x";
				CLANG_CXX_LIBRARY = "libc++";
				CLANG_ENABLE_MODULES = YES;
				CLANG_ENABLE_OBJC_ARC = YES;
				CLANG_WARN_BOOL_CONVERSION = YES;
				CLANG_WARN_CONSTANT_CONVERSION = YES;
				CLANG_WARN_DIRECT_OBJC_ISA_USAGE = YES_ERROR;
				CLANG_WARN_EMPTY_BODY = YES;
				CLANG_WARN_ENUM_CONVERSION = YES;
				CLANG_WARN_INT_CONVERSION = YES;
				CLANG_WARN_OBJC_ROOT_CLASS = YES_ERROR;
				CLANG_WARN_UNREACHABLE_CODE = YES;
				CLANG_WARN__DUPLICATE_METHOD_MATCH = YES;
				"CODE_SIGN_IDENTITY[sdk=iphoneos*]" = "iPhone Developer";
				COPY_PHASE_STRIP = NO;
				DEBUG_INFORMATION_FORMAT = dwarf;
				ENABLE_STRICT_OBJC_MSGSEND = YES;
				ENABLE_TESTABILITY = YES;
				GCC_C_LANGUAGE_STANDARD = gnu99;
				GCC_DYNAMIC_NO_PIC = NO;
				GCC_NO_COMMON_BLOCKS = YES;
				GCC_OPTIMIZATION_LEVEL = 0;
				GCC_PREPROCESSOR_DEFINITIONS = (
					"DEBUG=1",
					"$(inherited)",
				);
				GCC_WARN_64_TO_32_BIT_CONVERSION = YES;
				GCC_WARN_ABOUT_RETURN_TYPE = YES_ERROR;
				GCC_WARN_UNDECLARED_SELECTOR = YES;
				GCC_WARN_UNINITIALIZED_AUTOS = YES_AGGRESSIVE;
				GCC_WARN_UNUSED_FUNCTION = YES;
				GCC_WARN_UNUSED_VARIABLE = YES;
				IPHONEOS_DEPLOYMENT_TARGET = 8.0;
				MTL_ENABLE_DEBUG_INFO = YES;
				ONLY_ACTIVE_ARCH = YES;
				SDKROOT = iphoneos;
				SWIFT_OPTIMIZATION_LEVEL = "-Onone";
				TARGETED_DEVICE_FAMILY = "1,2";
			};
			name = Debug;
		};
		4A86B3D51C4D178200D65733 /* Release */ = {
			isa = XCBuildConfiguration;
			buildSettings = {
				ALWAYS_SEARCH_USER_PATHS = NO;
				CLANG_CXX_LANGUAGE_STANDARD = "gnu++0x";
				CLANG_CXX_LIBRARY = "libc++";
				CLANG_ENABLE_MODULES = YES;
				CLANG_ENABLE_OBJC_ARC = YES;
				CLANG_WARN_BOOL_CONVERSION = YES;
				CLANG_WARN_CONSTANT_CONVERSION = YES;
				CLANG_WARN_DIRECT_OBJC_ISA_USAGE = YES_ERROR;
				CLANG_WARN_EMPTY_BODY = YES;
				CLANG_WARN_ENUM_CONVERSION = YES;
				CLANG_WARN_INT_CONVERSION = YES;
				CLANG_WARN_OBJC_ROOT_CLASS = YES_ERROR;
				CLANG_WARN_UNREACHABLE_CODE = YES;
				CLANG_WARN__DUPLICATE_METHOD_MATCH = YES;
				"CODE_SIGN_IDENTITY[sdk=iphoneos*]" = "iPhone Developer";
				COPY_PHASE_STRIP = NO;
				DEBUG_INFORMATION_FORMAT = "dwarf-with-dsym";
				ENABLE_NS_ASSERTIONS = NO;
				ENABLE_STRICT_OBJC_MSGSEND = YES;
				GCC_C_LANGUAGE_STANDARD = gnu99;
				GCC_NO_COMMON_BLOCKS = YES;
				GCC_WARN_64_TO_32_BIT_CONVERSION = YES;
				GCC_WARN_ABOUT_RETURN_TYPE = YES_ERROR;
				GCC_WARN_UNDECLARED_SELECTOR = YES;
				GCC_WARN_UNINITIALIZED_AUTOS = YES_AGGRESSIVE;
				GCC_WARN_UNUSED_FUNCTION = YES;
				GCC_WARN_UNUSED_VARIABLE = YES;
				IPHONEOS_DEPLOYMENT_TARGET = 8.0;
				MTL_ENABLE_DEBUG_INFO = NO;
				SDKROOT = iphoneos;
				TARGETED_DEVICE_FAMILY = "1,2";
				VALIDATE_PRODUCT = YES;
			};
			name = Release;
		};
		4A86B3D71C4D178200D65733 /* Debug */ = {
			isa = XCBuildConfiguration;
			buildSettings = {
				ASSETCATALOG_COMPILER_APPICON_NAME = AppIcon;
				INFOPLIST_FILE = BybeLearnABC/Info.plist;
				IPHONEOS_DEPLOYMENT_TARGET = 8.0;
				LD_RUNPATH_SEARCH_PATHS = "$(inherited) @executable_path/Frameworks";
				PRODUCT_BUNDLE_IDENTIFIER = com.windvally.BybeLearnABC;
				PRODUCT_NAME = "$(TARGET_NAME)";
			};
			name = Debug;
		};
		4A86B3D81C4D178200D65733 /* Release */ = {
			isa = XCBuildConfiguration;
			buildSettings = {
				ASSETCATALOG_COMPILER_APPICON_NAME = AppIcon;
				INFOPLIST_FILE = BybeLearnABC/Info.plist;
				IPHONEOS_DEPLOYMENT_TARGET = 8.0;
				LD_RUNPATH_SEARCH_PATHS = "$(inherited) @executable_path/Frameworks";
				PRODUCT_BUNDLE_IDENTIFIER = com.windvally.BybeLearnABC;
				PRODUCT_NAME = "$(TARGET_NAME)";
			};
			name = Release;
		};
/* End XCBuildConfiguration section */

/* Begin XCConfigurationList section */
		4A86B3BF1C4D178200D65733 /* Build configuration list for PBXProject "BybeLearnABC" */ = {
			isa = XCConfigurationList;
			buildConfigurations = (
				4A86B3D41C4D178200D65733 /* Debug */,
				4A86B3D51C4D178200D65733 /* Release */,
			);
			defaultConfigurationIsVisible = 0;
			defaultConfigurationName = Release;
		};
		4A86B3D61C4D178200D65733 /* Build configuration list for PBXNativeTarget "BybeLearnABC" */ = {
			isa = XCConfigurationList;
			buildConfigurations = (
				4A86B3D71C4D178200D65733 /* Debug */,
				4A86B3D81C4D178200D65733 /* Release */,
			);
			defaultConfigurationIsVisible = 0;
			defaultConfigurationName = Release;
		};
/* End XCConfigurationList section */
	};
	rootObject = 4A86B3BC1C4D178200D65733 /* Project object */;
}
